
Microsoft Visual Studio Solution File, Format Version 12.00
# Visual Studio 15
VisualStudioVersion = 15.0.28010.2026
MinimumVisualStudioVersion = 10.0.40219.1
Project("{FAE04EC0-301F-11D3-BF4B-00C04F79EFBC}") = "SingletonPattern", "SingletonPattern\SingletonPattern.csproj", "{EC628395-1DB1-4FA0-8DD2-8A03DEF641CA}"
EndProject
Project("{FAE04EC0-301F-11D3-BF4B-00C04F79EFBC}") = "SingletonLoggerLib", "SingletonLoggerLib\SingletonLoggerLib.csproj", "{5BE3B770-6D31-4FC2-BFB0-A9C6F12B1F1E}"
EndProject
Global
	GlobalSection(SolutionConfigurationPlatforms) = preSolution
		Debug|Any CPU = Debug|Any CPU
		Release|Any CPU = Release|Any CPU
	EndGlobalSection
	GlobalSection(ProjectConfigurationPlatforms) = postSolution
		{EC628395-1DB1-4FA0-8DD2-8A03DEF641CA}.Debug|Any CPU.ActiveCfg = Debug|Any CPU
		{EC628395-1DB1-4FA0-8DD2-8A03DEF641CA}.Debug|Any CPU.Build.0 = Debug|Any CPU
		{EC628395-1DB1-4FA0-8DD2-8A03DEF641CA}.Release|Any CPU.ActiveCfg = Release|Any CPU
		{EC628395-1DB1-4FA0-8DD2-8A03DEF641CA}.Release|Any CPU.Build.0 = Release|Any CPU
		{5BE3B770-6D31-4FC2-BFB0-A9C6F12B1F1E}.Debug|Any CPU.ActiveCfg = Debug|Any CPU
		{5BE3B770-6D31-4FC2-BFB0-A9C6F12B1F1E}.Debug|Any CPU.Build.0 = Debug|Any CPU
		{5BE3B770-6D31-4FC2-BFB0-A9C6F12B1F1E}.Release|Any CPU.ActiveCfg = Release|Any CPU
		{5BE3B770-6D31-4FC2-BFB0-A9C6F12B1F1E}.Release|Any CPU.Build.0 = Release|Any CPU
	EndGlobalSection
	GlobalSection(SolutionProperties) = preSolution
		HideSolutionNode = FALSE
	EndGlobalSection
	GlobalSection(ExtensibilityGlobals) = postSolution
		SolutionGuid = {9CD21E45-536F-4C51-B878-697170939068}
	EndGlobalSection
EndGlobal
